
Microsoft Visual Studio Solution File, Format Version 12.00
# Visual Studio Version 17
VisualStudioVersion = 17.0.31903.59
MinimumVisualStudioVersion = 10.0.40219.1
Project("{2150E333-8FDC-42A3-9474-1A3956D46DE8}") = "src", "src", "{827E0CD3-B72D-47B6-A68D-7590B98EB39B}"
EndProject
Project("{FAE04EC0-301F-11D3-BF4B-00C04F79EFBC}") = "CEMS.Domain", "src\CEMS.Domain\CEMS.Domain.csproj", "{A7F39E8E-3CF9-47AE-954D-D290BB0C6916}"
EndProject
Project("{FAE04EC0-301F-11D3-BF4B-00C04F79EFBC}") = "CEMS.Application", "src\CEMS.Application\CEMS.Application.csproj", "{624E07C9-CD47-47BC-B6B8-3722DFF7E305}"
EndProject
Project("{FAE04EC0-301F-11D3-BF4B-00C04F79EFBC}") = "CEMS.Infrastructure", "src\CEMS.Infrastructure\CEMS.Infrastructure.csproj", "{9452C42A-2DCC-46D9-A5A1-092CD53B8C1B}"
EndProject
Project("{FAE04EC0-301F-11D3-BF4B-00C04F79EFBC}") = "CEMS.Api", "src\CEMS.Api\CEMS.Api.csproj", "{13EDECDC-3D51-4BE3-BE73-FAC324432CCB}"
EndProject
Project("{2150E333-8FDC-42A3-9474-1A3956D46DE8}") = "tests", "tests", "{0AB3BF05-4346-4AA6-1389-037BE0695223}"
EndProject
Project("{FAE04EC0-301F-11D3-BF4B-00C04F79EFBC}") = "CEMS.Application.Tests", "tests\CEMS.Application.Tests\CEMS.Application.Tests.csproj", "{5B7B4036-A918-4286-9AB8-9D837E0CE220}"
EndProject
Project("{FAE04EC0-301F-11D3-BF4B-00C04F79EFBC}") = "CEMS.Api.Tests", "tests\CEMS.Api.Tests\CEMS.Api.Tests.csproj", "{07B83CE8-B979-4EAF-817E-8FDE5F3CCC9C}"
EndProject
Project("{FAE04EC0-301F-11D3-BF4B-00C04F79EFBC}") = "CEMS.Postgres.Tests", "tests\CEMS.Postgres.Tests\CEMS.Postgres.Tests.csproj", "{ADBC2458-FDEA-479F-8AEB-E9470C41CF84}"
EndProject
Global
	GlobalSection(SolutionConfigurationPlatforms) = preSolution
		Debug|Any CPU = Debug|Any CPU
		Debug|x64 = Debug|x64
		Debug|x86 = Debug|x86
		Release|Any CPU = Release|Any CPU
		Release|x64 = Release|x64
		Release|x86 = Release|x86
	EndGlobalSection
	GlobalSection(ProjectConfigurationPlatforms) = postSolution
		{A7F39E8E-3CF9-47AE-954D-D290BB0C6916}.Debug|Any CPU.ActiveCfg = Debug|Any CPU
		{A7F39E8E-3CF9-47AE-954D-D290BB0C6916}.Debug|Any CPU.Build.0 = Debug|Any CPU
		{A7F39E8E-3CF9-47AE-954D-D290BB0C6916}.Debug|x64.ActiveCfg = Debug|Any CPU
		{A7F39E8E-3CF9-47AE-954D-D290BB0C6916}.Debug|x64.Build.0 = Debug|Any CPU
		{A7F39E8E-3CF9-47AE-954D-D290BB0C6916}.Debug|x86.ActiveCfg = Debug|Any CPU
		{A7F39E8E-3CF9-47AE-954D-D290BB0C6916}.Debug|x86.Build.0 = Debug|Any CPU
		{A7F39E8E-3CF9-47AE-954D-D290BB0C6916}.Release|Any CPU.ActiveCfg = Release|Any CPU
		{A7F39E8E-3CF9-47AE-954D-D290BB0C6916}.Release|Any CPU.Build.0 = Release|Any CPU
		{A7F39E8E-3CF9-47AE-954D-D290BB0C6916}.Release|x64.ActiveCfg = Release|Any CPU
		{A7F39E8E-3CF9-47AE-954D-D290BB0C6916}.Release|x64.Build.0 = Release|Any CPU
		{A7F39E8E-3CF9-47AE-954D-D290BB0C6916}.Release|x86.ActiveCfg = Release|Any CPU
		{A7F39E8E-3CF9-47AE-954D-D290BB0C6916}.Release|x86.Build.0 = Release|Any CPU
		{624E07C9-CD47-47BC-B6B8-3722DFF7E305}.Debug|Any CPU.ActiveCfg = Debug|Any CPU
		{624E07C9-CD47-47BC-B6B8-3722DFF7E305}.Debug|Any CPU.Build.0 = Debug|Any CPU
		{624E07C9-CD47-47BC-B6B8-3722DFF7E305}.Debug|x64.ActiveCfg = Debug|Any CPU
		{624E07C9-CD47-47BC-B6B8-3722DFF7E305}.Debug|x64.Build.0 = Debug|Any CPU
		{624E07C9-CD47-47BC-B6B8-3722DFF7E305}.Debug|x86.ActiveCfg = Debug|Any CPU
		{624E07C9-CD47-47BC-B6B8-3722DFF7E305}.Debug|x86.Build.0 = Debug|Any CPU
		{624E07C9-CD47-47BC-B6B8-3722DFF7E305}.Release|Any CPU.ActiveCfg = Release|Any CPU
		{624E07C9-CD47-47BC-B6B8-3722DFF7E305}.Release|Any CPU.Build.0 = Release|Any CPU
		{624E07C9-CD47-47BC-B6B8-3722DFF7E305}.Release|x64.ActiveCfg = Release|Any CPU
		{624E07C9-CD47-47BC-B6B8-3722DFF7E305}.Release|x64.Build.0 = Release|Any CPU
		{624E07C9-CD47-47BC-B6B8-3722DFF7E305}.Release|x86.ActiveCfg = Release|Any CPU
		{624E07C9-CD47-47BC-B6B8-3722DFF7E305}.Release|x86.Build.0 = Release|Any CPU
		{9452C42A-2DCC-46D9-A5A1-092CD53B8C1B}.Debug|Any CPU.ActiveCfg = Debug|Any CPU
		{9452C42A-2DCC-46D9-A5A1-092CD53B8C1B}.Debug|Any CPU.Build.0 = Debug|Any CPU
		{9452C42A-2DCC-46D9-A5A1-092CD53B8C1B}.Debug|x64.ActiveCfg = Debug|Any CPU
		{9452C42A-2DCC-46D9-A5A1-092CD53B8C1B}.Debug|x64.Build.0 = Debug|Any CPU
		{9452C42A-2DCC-46D9-A5A1-092CD53B8C1B}.Debug|x86.ActiveCfg = Debug|Any CPU
		{9452C42A-2DCC-46D9-A5A1-092CD53B8C1B}.Debug|x86.Build.0 = Debug|Any CPU
		{9452C42A-2DCC-46D9-A5A1-092CD53B8C1B}.Release|Any CPU.ActiveCfg = Release|Any CPU
		{9452C42A-2DCC-46D9-A5A1-092CD53B8C1B}.Release|Any CPU.Build.0 = Release|Any CPU
		{9452C42A-2DCC-46D9-A5A1-092CD53B8C1B}.Release|x64.ActiveCfg = Release|Any CPU
		{9452C42A-2DCC-46D9-A5A1-092CD53B8C1B}.Release|x64.Build.0 = Release|Any CPU
		{9452C42A-2DCC-46D9-A5A1-092CD53B8C1B}.Release|x86.ActiveCfg = Release|Any CPU
		{9452C42A-2DCC-46D9-A5A1-092CD53B8C1B}.Release|x86.Build.0 = Release|Any CPU
		{13EDECDC-3D51-4BE3-BE73-FAC324432CCB}.Debug|Any CPU.ActiveCfg = Debug|Any CPU
		{13EDECDC-3D51-4BE3-BE73-FAC324432CCB}.Debug|Any CPU.Build.0 = Debug|Any CPU
		{13EDECDC-3D51-4BE3-BE73-FAC324432CCB}.Debug|x64.ActiveCfg = Debug|Any CPU
		{13EDECDC-3D51-4BE3-BE73-FAC324432CCB}.Debug|x64.Build.0 = Debug|Any CPU
		{13EDECDC-3D51-4BE3-BE73-FAC324432CCB}.Debug|x86.ActiveCfg = Debug|Any CPU
		{13EDECDC-3D51-4BE3-BE73-FAC324432CCB}.Debug|x86.Build.0 = Debug|Any CPU
		{13EDECDC-3D51-4BE3-BE73-FAC324432CCB}.Release|Any CPU.ActiveCfg = Release|Any CPU
		{13EDECDC-3D51-4BE3-BE73-FAC324432CCB}.Release|Any CPU.Build.0 = Release|Any CPU
		{13EDECDC-3D51-4BE3-BE73-FAC324432CCB}.Release|x64.ActiveCfg = Release|Any CPU
		{13EDECDC-3D51-4BE3-BE73-FAC324432CCB}.Release|x64.Build.0 = Release|Any CPU
		{13EDECDC-3D51-4BE3-BE73-FAC324432CCB}.Release|x86.ActiveCfg = Release|Any CPU
		{13EDECDC-3D51-4BE3-BE73-FAC324432CCB}.Release|x86.Build.0 = Release|Any CPU
		{5B7B4036-A918-4286-9AB8-9D837E0CE220}.Debug|Any CPU.ActiveCfg = Debug|Any CPU
		{5B7B4036-A918-4286-9AB8-9D837E0CE220}.Debug|Any CPU.Build.0 = Debug|Any CPU
		{5B7B4036-A918-4286-9AB8-9D837E0CE220}.Debug|x64.ActiveCfg = Debug|Any CPU
		{5B7B4036-A918-4286-9AB8-9D837E0CE220}.Debug|x64.Build.0 = Debug|Any CPU
		{5B7B4036-A918-4286-9AB8-9D837E0CE220}.Debug|x86.ActiveCfg = Debug|Any CPU
		{5B7B4036-A918-4286-9AB8-9D837E0CE220}.Debug|x86.Build.0 = Debug|Any CPU
		{5B7B4036-A918-4286-9AB8-9D837E0CE220}.Release|Any CPU.ActiveCfg = Release|Any CPU
		{5B7B4036-A918-4286-9AB8-9D837E0CE220}.Release|Any CPU.Build.0 = Release|Any CPU
		{5B7B4036-A918-4286-9AB8-9D837E0CE220}.Release|x64.ActiveCfg = Release|Any CPU
		{5B7B4036-A918-4286-9AB8-9D837E0CE220}.Release|x64.Build.0 = Release|Any CPU
		{5B7B4036-A918-4286-9AB8-9D837E0CE220}.Release|x86.ActiveCfg = Release|Any CPU
		{5B7B4036-A918-4286-9AB8-9D837E0CE220}.Release|x86.Build.0 = Release|Any CPU
		{07B83CE8-B979-4EAF-817E-8FDE5F3CCC9C}.Debug|Any CPU.ActiveCfg = Debug|Any CPU
		{07B83CE8-B979-4EAF-817E-8FDE5F3CCC9C}.Debug|Any CPU.Build.0 = Debug|Any CPU
		{07B83CE8-B979-4EAF-817E-8FDE5F3CCC9C}.Debug|x64.ActiveCfg = Debug|Any CPU
		{07B83CE8-B979-4EAF-817E-8FDE5F3CCC9C}.Debug|x64.Build.0 = Debug|Any CPU
		{07B83CE8-B979-4EAF-817E-8FDE5F3CCC9C}.Debug|x86.ActiveCfg = Debug|Any CPU
		{07B83CE8-B979-4EAF-817E-8FDE5F3CCC9C}.Debug|x86.Build.0 = Debug|Any CPU
		{07B83CE8-B979-4EAF-817E-8FDE5F3CCC9C}.Release|Any CPU.ActiveCfg = Release|Any CPU
		{07B83CE8-B979-4EAF-817E-8FDE5F3CCC9C}.Release|Any CPU.Build.0 = Release|Any CPU
		{07B83CE8-B979-4EAF-817E-8FDE5F3CCC9C}.Release|x64.ActiveCfg = Release|Any CPU
		{07B83CE8-B979-4EAF-817E-8FDE5F3CCC9C}.Release|x64.Build.0 = Release|Any CPU
		{07B83CE8-B979-4EAF-817E-8FDE5F3CCC9C}.Release|x86.ActiveCfg = Release|Any CPU
		{07B83CE8-B979-4EAF-817E-8FDE5F3CCC9C}.Release|x86.Build.0 = Release|Any CPU
		{ADBC2458-FDEA-479F-8AEB-E9470C41CF84}.Debug|Any CPU.ActiveCfg = Debug|Any CPU
		{ADBC2458-FDEA-479F-8AEB-E9470C41CF84}.Debug|Any CPU.Build.0 = Debug|Any CPU
		{ADBC2458-FDEA-479F-8AEB-E9470C41CF84}.Debug|x64.ActiveCfg = Debug|Any CPU
		{ADBC2458-FDEA-479F-8AEB-E9470C41CF84}.Debug|x64.Build.0 = Debug|Any CPU
		{ADBC2458-FDEA-479F-8AEB-E9470C41CF84}.Debug|x86.ActiveCfg = Debug|Any CPU
		{ADBC2458-FDEA-479F-8AEB-E9470C41CF84}.Debug|x86.Build.0 = Debug|Any CPU
		{ADBC2458-FDEA-479F-8AEB-E9470C41CF84}.Release|Any CPU.ActiveCfg = Release|Any CPU
		{ADBC2458-FDEA-479F-8AEB-E9470C41CF84}.Release|Any CPU.Build.0 = Release|Any CPU
		{ADBC2458-FDEA-479F-8AEB-E9470C41CF84}.Release|x64.ActiveCfg = Release|Any CPU
		{ADBC2458-FDEA-479F-8AEB-E9470C41CF84}.Release|x64.Build.0 = Release|Any CPU
		{ADBC2458-FDEA-479F-8AEB-E9470C41CF84}.Release|x86.ActiveCfg = Release|Any CPU
		{ADBC2458-FDEA-479F-8AEB-E9470C41CF84}.Release|x86.Build.0 = Release|Any CPU
	EndGlobalSection
	GlobalSection(SolutionProperties) = preSolution
		HideSolutionNode = FALSE
	EndGlobalSection
	GlobalSection(NestedProjects) = preSolution
		{A7F39E8E-3CF9-47AE-954D-D290BB0C6916} = {827E0CD3-B72D-47B6-A68D-7590B98EB39B}
		{624E07C9-CD47-47BC-B6B8-3722DFF7E305} = {827E0CD3-B72D-47B6-A68D-7590B98EB39B}
		{9452C42A-2DCC-46D9-A5A1-092CD53B8C1B} = {827E0CD3-B72D-47B6-A68D-7590B98EB39B}
		{13EDECDC-3D51-4BE3-BE73-FAC324432CCB} = {827E0CD3-B72D-47B6-A68D-7590B98EB39B}
		{5B7B4036-A918-4286-9AB8-9D837E0CE220} = {0AB3BF05-4346-4AA6-1389-037BE0695223}
		{07B83CE8-B979-4EAF-817E-8FDE5F3CCC9C} = {0AB3BF05-4346-4AA6-1389-037BE0695223}
		{ADBC2458-FDEA-479F-8AEB-E9470C41CF84} = {0AB3BF05-4346-4AA6-1389-037BE0695223}
	EndGlobalSection
EndGlobal
